
Microsoft Visual Studio Solution File, Format Version 12.00
# Visual Studio Version 16
VisualStudioVersion = 16.0.30804.86
MinimumVisualStudioVersion = 10.0.40219.1
Project("{FAE04EC0-301F-11D3-BF4B-00C04F79EFBC}") = "JsonSerializationExample", "JsonSerializationExample\JsonSerializationExample.csproj", "{A336BCCD-4D79-4FD0-808B-33C347A99E5C}"
EndProject
Global
	GlobalSection(SolutionConfigurationPlatforms) = preSolution
		Debug|Any CPU = Debug|Any CPU
		Release|Any CPU = Release|Any CPU
	EndGlobalSection
	GlobalSection(ProjectConfigurationPlatforms) = postSolution
		{A336BCCD-4D79-4FD0-808B-33C347A99E5C}.Debug|Any CPU.ActiveCfg = Debug|Any CPU
		{A336BCCD-4D79-4FD0-808B-33C347A99E5C}.Debug|Any CPU.Build.0 = Debug|Any CPU
		{A336BCCD-4D79-4FD0-808B-33C347A99E5C}.Release|Any CPU.ActiveCfg = Release|Any CPU
		{A336BCCD-4D79-4FD0-808B-33C347A99E5C}.Release|Any CPU.Build.0 = Release|Any CPU
	EndGlobalSection
	GlobalSection(SolutionProperties) = preSolution
		HideSolutionNode = FALSE
	EndGlobalSection
	GlobalSection(ExtensibilityGlobals) = postSolution
		SolutionGuid = {D6B89828-88C8-4F0A-A1C8-C8F67E7DB047}
	EndGlobalSection
EndGlobal
